// !$*UTF8*$!
{
	archiveVersion = 1;
	classes = {
	};
	objectVersion = 46;
	objects = {

/* Begin PBXBuildFile section */
		13477F062060609000113BC4 /* AppDelegate.swift in Sources */ = {isa = PBXBuildFile; fileRef = 13477F052060609000113BC4 /* AppDelegate.swift */; };
		13477F082060609000113BC4 /* ViewController.swift in Sources */ = {isa = PBXBuildFile; fileRef = 13477F072060609000113BC4 /* ViewController.swift */; };
		13477F0B2060609000113BC4 /* Main.storyboard in Resources */ = {isa = PBXBuildFile; fileRef = 13477F092060609000113BC4 /* Main.storyboard */; };
		13477F0D2060609000113BC4 /* Assets.xcassets in Resources */ = {isa = PBXBuildFile; fileRef = 13477F0C2060609000113BC4 /* Assets.xcassets */; };
		13477F102060609000113BC4 /* LaunchScreen.storyboard in Resources */ = {isa = PBXBuildFile; fileRef = 13477F0E2060609000113BC4 /* LaunchScreen.storyboard */; };
		13477F192060828F00113BC4 /* Myconcentration.swift in Sources */ = {isa = PBXBuildFile; fileRef = 13477F182060828F00113BC4 /* Myconcentration.swift */; };
		13477F1B206082F000113BC4 /* mycards.swift in Sources */ = {isa = PBXBuildFile; fileRef = 13477F1A206082F000113BC4 /* mycards.swift */; };
/* End PBXBuildFile section */

/* Begin PBXFileReference section */
		13477F022060609000113BC4 /* MyConcentration.app */ = {isa = PBXFileReference; explicitFileType = wrapper.application; includeInIndex = 0; path = MyConcentration.app; sourceTree = BUILT_PRODUCTS_DIR; };
		13477F052060609000113BC4 /* AppDelegate.swift */ = {isa = PBXFileReference; lastKnownFileType = sourcecode.swift; path = AppDelegate.swift; sourceTree = "<group>"; };
		13477F072060609000113BC4 /* ViewController.swift */ = {isa = PBXFileReference; lastKnownFileType = sourcecode.swift; path = ViewController.swift; sourceTree = "<group>"; };
		13477F0A2060609000113BC4 /* Base */ = {isa = PBXFileReference; lastKnownFileType = file.storyboard; name = Base; path = Base.lproj/Main.storyboard; sourceTree = "<group>"; };
		13477F0C2060609000113BC4 /* Assets.xcassets */ = {isa = PBXFileReference; lastKnownFileType = folder.assetcatalog; path = Assets.xcassets; sourceTree = "<group>"; };
		13477F0F2060609000113BC4 /* Base */ = {isa = PBXFileReference; lastKnownFileType = file.storyboard; name = Base; path = Base.lproj/LaunchScreen.storyboard; sourceTree = "<group>"; };
		13477F112060609000113BC4 /* Info.plist */ = {isa = PBXFileReference; lastKnownFileType = text.plist.xml; path = Info.plist; sourceTree = "<group>"; };
		13477F182060828F00113BC4 /* Myconcentration.swift */ = {isa = PBXFileReference; fileEncoding = 4; lastKnownFileType = sourcecode.swift; path = Myconcentration.swift; sourceTree = "<group>"; };
		13477F1A206082F000113BC4 /* mycards.swift */ = {isa = PBXFileReference; fileEncoding = 4; lastKnownFileType = sourcecode.swift; path = mycards.swift; sourceTree = "<group>"; };
/* End PBXFileReference section */

/* Begin PBXFrameworksBuildPhase section */
		13477EFF2060609000113BC4 /* Frameworks */ = {
			isa = PBXFrameworksBuildPhase;
			buildActionMask = 2147483647;
			files = (
			);
			runOnlyForDeploymentPostprocessing = 0;
		};
/* End PBXFrameworksBuildPhase section */

/* Begin PBXGroup section */
		13477EF92060609000113BC4 = {
			isa = PBXGroup;
			children = (
				13477F042060609000113BC4 /* MyConcentration */,
				13477F032060609000113BC4 /* Products */,
			);
			sourceTree = "<group>";
		};
		13477F032060609000113BC4 /* Products */ = {
			isa = PBXGroup;
			children = (
				13477F022060609000113BC4 /* MyConcentration.app */,
			);
			name = Products;
			sourceTree = "<group>";
		};
		13477F042060609000113BC4 /* MyConcentration */ = {
			isa = PBXGroup;
			children = (
				13477F182060828F00113BC4 /* Myconcentration.swift */,
				13477F1A206082F000113BC4 /* mycards.swift */,
				13477F17206060AF00113BC4 /* New Group */,
				13477F072060609000113BC4 /* ViewController.swift */,
				13477F092060609000113BC4 /* Main.storyboard */,
			);
			path = MyConcentration;
			sourceTree = "<group>";
		};
		13477F17206060AF00113BC4 /* New Group */ = {
			isa = PBXGroup;
			children = (
				13477F052060609000113BC4 /* AppDelegate.swift */,
				13477F0C2060609000113BC4 /* Assets.xcassets */,
				13477F0E2060609000113BC4 /* LaunchScreen.storyboard */,
				13477F112060609000113BC4 /* Info.plist */,
			);
			name = "New Group";
			sourceTree = "<group>";
		};
/* End PBXGroup section */

/* Begin PBXNativeTarget section */
		13477F012060609000113BC4 /* MyConcentration */ = {
			isa = PBXNativeTarget;
			buildConfigurationList = 13477F142060609000113BC4 /* Build configuration list for PBXNativeTarget "MyConcentration" */;
			buildPhases = (
				13477EFE2060609000113BC4 /* Sources */,
				13477EFF2060609000113BC4 /* Frameworks */,
				13477F002060609000113BC4 /* Resources */,
			);
			buildRules = (
			);
			dependencies = (
			);
			name = MyConcentration;
			productName = MyConcentration;
			productReference = 13477F022060609000113BC4 /* MyConcentration.app */;
			productType = "com.apple.product-type.application";
		};
/* End PBXNativeTarget section */

/* Begin PBXProject section */
		13477EFA2060609000113BC4 /* Project object */ = {
			isa = PBXProject;
			attributes = {
				LastSwiftUpdateCheck = 0820;
				LastUpgradeCheck = 0820;
				ORGANIZATIONNAME = "Tony Park";
				TargetAttributes = {
					13477F012060609000113BC4 = {
						CreatedOnToolsVersion = 8.2.1;
						ProvisioningStyle = Automatic;
					};
				};
			};
			buildConfigurationList = 13477EFD2060609000113BC4 /* Build configuration list for PBXProject "MyConcentration" */;
			compatibilityVersion = "Xcode 3.2";
			developmentRegion = English;
			hasScannedForEncodings = 0;
			knownRegions = (
				en,
				Base,
			);
			mainGroup = 13477EF92060609000113BC4;
			productRefGroup = 13477F032060609000113BC4 /* Products */;
			projectDirPath = "";
			projectRoot = "";
			targets = (
				13477F012060609000113BC4 /* MyConcentration */,
			);
		};
/* End PBXProject section */

/* Begin PBXResourcesBuildPhase section */
		13477F002060609000113BC4 /* Resources */ = {
			isa = PBXResourcesBuildPhase;
			buildActionMask = 2147483647;
			files = (
				13477F102060609000113BC4 /* LaunchScreen.storyboard in Resources */,
				13477F0D2060609000113BC4 /* Assets.xcassets in Resources */,
				13477F0B2060609000113BC4 /* Main.storyboard in Resources */,
			);
			runOnlyForDeploymentPostprocessing = 0;
		};
/* End PBXResourcesBuildPhase section */

/* Begin PBXSourcesBuildPhase section */
		13477EFE2060609000113BC4 /* Sources */ = {
			isa = PBXSourcesBuildPhase;
			buildActionMask = 2147483647;
			files = (
				13477F082060609000113BC4 /* ViewController.swift in Sources */,
				13477F192060828F00113BC4 /* Myconcentration.swift in Sources */,
				13477F062060609000113BC4 /* AppDelegate.swift in Sources */,
				13477F1B206082F000113BC4 /* mycards.swift in Sources */,
			);
			runOnlyForDeploymentPostprocessing = 0;
		};
/* End PBXSourcesBuildPhase section */

/* Begin PBXVariantGroup section */
		13477F092060609000113BC4 /* Main.storyboard */ = {
			isa = PBXVariantGroup;
			children = (
				13477F0A2060609000113BC4 /* Base */,
			);
			name = Main.storyboard;
			sourceTree = "<group>";
		};
		13477F0E2060609000113BC4 /* LaunchScreen.storyboard */ = {
			isa = PBXVariantGroup;
			children = (
				13477F0F2060609000113BC4 /* Base */,
			);
			name = LaunchScreen.storyboard;
			sourceTree = "<group>";
		};
/* End PBXVariantGroup section */

/* Begin XCBuildConfiguration section */
		13477F122060609000113BC4 /* Debug */ = {
			isa = XCBuildConfiguration;
			buildSettings = {
				ALWAYS_SEARCH_USER_PATHS = NO;
				CLANG_ANALYZER_NONNULL = YES;
				CLANG_CXX_LANGUAGE_STANDARD = "gnu++0x";
				CLANG_CXX_LIBRARY = "libc++";
				CLANG_ENABLE_MODULES = YES;
				CLANG_ENABLE_OBJC_ARC = YES;
				CLANG_WARN_BOOL_CONVERSION = YES;
				CLANG_WARN_CONSTANT_CONVERSION = YES;
				CLANG_WARN_DIRECT_OBJC_ISA_USAGE = YES_ERROR;
				CLANG_WARN_DOCUMENTATION_COMMENTS = YES;
				CLANG_WARN_EMPTY_BODY = YES;
				CLANG_WARN_ENUM_CONVERSION = YES;
				CLANG_WARN_INFINITE_RECURSION = YES;
				CLANG_WARN_INT_CONVERSION = YES;
				CLANG_WARN_OBJC_ROOT_CLASS = YES_ERROR;
				CLANG_WARN_SUSPICIOUS_MOVE = YES;
				CLANG_WARN_UNREACHABLE_CODE = YES;
				CLANG_WARN__DUPLICATE_METHOD_MATCH = YES;
				"CODE_SIGN_IDENTITY[sdk=iphoneos*]" = "iPhone Developer";
				COPY_PHASE_STRIP = NO;
				DEBUG_INFORMATION_FORMAT = dwarf;
				ENABLE_STRICT_OBJC_MSGSEND = YES;
				ENABLE_TESTABILITY = YES;
				GCC_C_LANGUAGE_STANDARD = gnu99;
				GCC_DYNAMIC_NO_PIC = NO;
				GCC_NO_COMMON_BLOCKS = YES;
				GCC_OPTIMIZATION_LEVEL = 0;
				GCC_PREPROCESSOR_DEFINITIONS = (
					"DEBUG=1",
					"$(inherited)",
				);
				GCC_WARN_64_TO_32_BIT_CONVERSION = YES;
				GCC_WARN_ABOUT_RETURN_TYPE = YES_ERROR;
				GCC_WARN_UNDECLARED_SELECTOR = YES;
				GCC_WARN_UNINITIALIZED_AUTOS = YES_AGGRESSIVE;
				GCC_WARN_UNUSED_FUNCTION = YES;
				GCC_WARN_UNUSED_VARIABLE = YES;
				IPHONEOS_DEPLOYMENT_TARGET = 10.2;
				MTL_ENABLE_DEBUG_INFO = YES;
				ONLY_ACTIVE_ARCH = YES;
				SDKROOT = iphoneos;
				SWIFT_ACTIVE_COMPILATION_CONDITIONS = DEBUG;
				SWIFT_OPTIMIZATION_LEVEL = "-Onone";
				TARGETED_DEVICE_FAMILY = "1,2";
			};
			name = Debug;
		};
		13477F132060609000113BC4 /* Release */ = {
			isa = XCBuildConfiguration;
			buildSettings = {
				ALWAYS_SEARCH_USER_PATHS = NO;
				CLANG_ANALYZER_NONNULL = YES;
				CLANG_CXX_LANGUAGE_STANDARD = "gnu++0x";
				CLANG_CXX_LIBRARY = "libc++";
				CLANG_ENABLE_MODULES = YES;
				CLANG_ENABLE_OBJC_ARC = YES;
				CLANG_WARN_BOOL_CONVERSION = YES;
				CLANG_WARN_CONSTANT_CONVERSION = YES;
				CLANG_WARN_DIRECT_OBJC_ISA_USAGE = YES_ERROR;
				CLANG_WARN_DOCUMENTATION_COMMENTS = YES;
				CLANG_WARN_EMPTY_BODY = YES;
				CLANG_WARN_ENUM_CONVERSION = YES;
				CLANG_WARN_INFINITE_RECURSION = YES;
				CLANG_WARN_INT_CONVERSION = YES;
				CLANG_WARN_OBJC_ROOT_CLASS = YES_ERROR;
				CLANG_WARN_SUSPICIOUS_MOVE = YES;
				CLANG_WARN_UNREACHABLE_CODE = YES;
				CLANG_WARN__DUPLICATE_METHOD_MATCH = YES;
				"CODE_SIGN_IDENTITY[sdk=iphoneos*]" = "iPhone Developer";
				COPY_PHASE_STRIP = NO;
				DEBUG_INFORMATION_FORMAT = "dwarf-with-dsym";
				ENABLE_NS_ASSERTIONS = NO;
				ENABLE_STRICT_OBJC_MSGSEND = YES;
				GCC_C_LANGUAGE_STANDARD = gnu99;
				GCC_NO_COMMON_BLOCKS = YES;
				GCC_WARN_64_TO_32_BIT_CONVERSION = YES;
				GCC_WARN_ABOUT_RETURN_TYPE = YES_ERROR;
				GCC_WARN_UNDECLARED_SELECTOR = YES;
				GCC_WARN_UNINITIALIZED_AUTOS = YES_AGGRESSIVE;
				GCC_WARN_UNUSED_FUNCTION = YES;
				GCC_WARN_UNUSED_VARIABLE = YES;
				IPHONEOS_DEPLOYMENT_TARGET = 10.2;
				MTL_ENABLE_DEBUG_INFO = NO;
				SDKROOT = iphoneos;
				SWIFT_OPTIMIZATION_LEVEL = "-Owholemodule";
				TARGETED_DEVICE_FAMILY = "1,2";
				VALIDATE_PRODUCT = YES;
			};
			name = Release;
		};
		13477F152060609000113BC4 /* Debug */ = {
			isa = XCBuildConfiguration;
			buildSettings = {
				ASSETCATALOG_COMPILER_APPICON_NAME = AppIcon;
				INFOPLIST_FILE = MyConcentration/Info.plist;
				LD_RUNPATH_SEARCH_PATHS = "$(inherited) @executable_path/Frameworks";
				PRODUCT_BUNDLE_IDENTIFIER = loveC.MyConcentration;
				PRODUCT_NAME = "$(TARGET_NAME)";
				SWIFT_VERSION = 3.0;
			};
			name = Debug;
		};
		13477F162060609000113BC4 /* Release */ = {
			isa = XCBuildConfiguration;
			buildSettings = {
				ASSETCATALOG_COMPILER_APPICON_NAME = AppIcon;
				INFOPLIST_FILE = MyConcentration/Info.plist;
				LD_RUNPATH_SEARCH_PATHS = "$(inherited) @executable_path/Frameworks";
				PRODUCT_BUNDLE_IDENTIFIER = loveC.MyConcentration;
				PRODUCT_NAME = "$(TARGET_NAME)";
				SWIFT_VERSION = 3.0;
			};
			name = Release;
		};
/* End XCBuildConfiguration section */

/* Begin XCConfigurationList section */
		13477EFD2060609000113BC4 /* Build configuration list for PBXProject "MyConcentration" */ = {
			isa = XCConfigurationList;
			buildConfigurations = (
				13477F122060609000113BC4 /* Debug */,
				13477F132060609000113BC4 /* Release */,
			);
			defaultConfigurationIsVisible = 0;
			defaultConfigurationName = Release;
		};
		13477F142060609000113BC4 /* Build configuration list for PBXNativeTarget "MyConcentration" */ = {
			isa = XCConfigurationList;
			buildConfigurations = (
				13477F152060609000113BC4 /* Debug */,
				13477F162060609000113BC4 /* Release */,
			);
			defaultConfigurationIsVisible = 0;
		};
/* End XCConfigurationList section */
	};
	rootObject = 13477EFA2060609000113BC4 /* Project object */;
}
